
Microsoft Visual Studio Solution File, Format Version 12.00
# Visual Studio Version 17
VisualStudioVersion = 17.5.002.0
MinimumVisualStudioVersion = 10.0.40219.1
Project("{9A19103F-16F7-4668-BE54-9A1E7A4F7556}") = "CheapBuyAPI", "CheapBuyAPI.csproj", "{BFF69B77-FAD9-4F31-A111-4EBF521BF7A9}"
EndProject
Project("{9A19103F-16F7-4668-BE54-9A1E7A4F7556}") = "CheapBuyAPITests", "..\CheapBuyAPITests\CheapBuyAPITests.csproj", "{FE609584-7D55-4592-A729-3429AB8F1EAA}"
EndProject
Project("{FAE04EC0-301F-11D3-BF4B-00C04F79EFBC}") = "CheapBuyDB", "..\CheapBuyDB\CheapBuyDB.csproj", "{BC1F4EC9-A74C-4653-8271-A4104B7C952A}"
EndProject
Global
	GlobalSection(SolutionConfigurationPlatforms) = preSolution
		Debug|Any CPU = Debug|Any CPU
		Release|Any CPU = Release|Any CPU
	EndGlobalSection
	GlobalSection(ProjectConfigurationPlatforms) = postSolution
		{BFF69B77-FAD9-4F31-A111-4EBF521BF7A9}.Debug|Any CPU.ActiveCfg = Debug|Any CPU
		{BFF69B77-FAD9-4F31-A111-4EBF521BF7A9}.Debug|Any CPU.Build.0 = Debug|Any CPU
		{BFF69B77-FAD9-4F31-A111-4EBF521BF7A9}.Release|Any CPU.ActiveCfg = Release|Any CPU
		{BFF69B77-FAD9-4F31-A111-4EBF521BF7A9}.Release|Any CPU.Build.0 = Release|Any CPU
		{FE609584-7D55-4592-A729-3429AB8F1EAA}.Debug|Any CPU.ActiveCfg = Debug|Any CPU
		{FE609584-7D55-4592-A729-3429AB8F1EAA}.Debug|Any CPU.Build.0 = Debug|Any CPU
		{FE609584-7D55-4592-A729-3429AB8F1EAA}.Release|Any CPU.ActiveCfg = Release|Any CPU
		{FE609584-7D55-4592-A729-3429AB8F1EAA}.Release|Any CPU.Build.0 = Release|Any CPU
		{BC1F4EC9-A74C-4653-8271-A4104B7C952A}.Debug|Any CPU.ActiveCfg = Debug|Any CPU
		{BC1F4EC9-A74C-4653-8271-A4104B7C952A}.Debug|Any CPU.Build.0 = Debug|Any CPU
		{BC1F4EC9-A74C-4653-8271-A4104B7C952A}.Release|Any CPU.ActiveCfg = Release|Any CPU
		{BC1F4EC9-A74C-4653-8271-A4104B7C952A}.Release|Any CPU.Build.0 = Release|Any CPU
	EndGlobalSection
	GlobalSection(SolutionProperties) = preSolution
		HideSolutionNode = FALSE
	EndGlobalSection
	GlobalSection(ExtensibilityGlobals) = postSolution
		SolutionGuid = {A55A0CF8-B20F-4CEB-B4B8-8B05CB27B9DD}
	EndGlobalSection
EndGlobal
